
Microsoft Visual Studio Solution File, Format Version 12.00
# Visual Studio Version 17
VisualStudioVersion = 17.8.34309.116
MinimumVisualStudioVersion = 10.0.40219.1
Project("{FAE04EC0-301F-11D3-BF4B-00C04F79EFBC}") = "Sports Club", "Sports Club.csproj", "{543728EA-3FFE-4155-97B9-C60807ED78B5}"
EndProject
Global
	GlobalSection(SolutionConfigurationPlatforms) = preSolution
		Debug|Any CPU = Debug|Any CPU
		Release|Any CPU = Release|Any CPU
	EndGlobalSection
	GlobalSection(ProjectConfigurationPlatforms) = postSolution
		{543728EA-3FFE-4155-97B9-C60807ED78B5}.Debug|Any CPU.ActiveCfg = Debug|Any CPU
		{543728EA-3FFE-4155-97B9-C60807ED78B5}.Debug|Any CPU.Build.0 = Debug|Any CPU
		{543728EA-3FFE-4155-97B9-C60807ED78B5}.Release|Any CPU.ActiveCfg = Release|Any CPU
		{543728EA-3FFE-4155-97B9-C60807ED78B5}.Release|Any CPU.Build.0 = Release|Any CPU
	EndGlobalSection
	GlobalSection(SolutionProperties) = preSolution
		HideSolutionNode = FALSE
	EndGlobalSection
	GlobalSection(ExtensibilityGlobals) = postSolution
		SolutionGuid = {1252B416-8930-452A-8A45-52B9CFFCDB39}
	EndGlobalSection
EndGlobal
